
Microsoft Visual Studio Solution File, Format Version 12.00
# Visual Studio Version 17
VisualStudioVersion = 17.0.31903.59
MinimumVisualStudioVersion = 10.0.40219.1
Project("{FAE04EC0-301F-11D3-BF4B-00C04F79EFBC}") = "ConsoleAppHelloWorld", "ConsoleAppHelloWorld\ConsoleAppHelloWorld.csproj", "{FFF11BF2-43E8-4EB0-B25F-C98918423220}"
EndProject
Project("{FAE04EC0-301F-11D3-BF4B-00C04F79EFBC}") = "ConsoleAppAdditional", "ConsoleAppAdditional\ConsoleAppAdditional.csproj", "{8AD57B2F-01FF-4B97-AC10-AB097427DF68}"
EndProject
Global
	GlobalSection(SolutionConfigurationPlatforms) = preSolution
		Debug|Any CPU = Debug|Any CPU
		Release|Any CPU = Release|Any CPU
	EndGlobalSection
	GlobalSection(SolutionProperties) = preSolution
		HideSolutionNode = FALSE
	EndGlobalSection
	GlobalSection(ProjectConfigurationPlatforms) = postSolution
		{FFF11BF2-43E8-4EB0-B25F-C98918423220}.Debug|Any CPU.ActiveCfg = Debug|Any CPU
		{FFF11BF2-43E8-4EB0-B25F-C98918423220}.Debug|Any CPU.Build.0 = Debug|Any CPU
		{FFF11BF2-43E8-4EB0-B25F-C98918423220}.Release|Any CPU.ActiveCfg = Release|Any CPU
		{FFF11BF2-43E8-4EB0-B25F-C98918423220}.Release|Any CPU.Build.0 = Release|Any CPU
		{8AD57B2F-01FF-4B97-AC10-AB097427DF68}.Debug|Any CPU.ActiveCfg = Debug|Any CPU
		{8AD57B2F-01FF-4B97-AC10-AB097427DF68}.Debug|Any CPU.Build.0 = Debug|Any CPU
		{8AD57B2F-01FF-4B97-AC10-AB097427DF68}.Release|Any CPU.ActiveCfg = Release|Any CPU
		{8AD57B2F-01FF-4B97-AC10-AB097427DF68}.Release|Any CPU.Build.0 = Release|Any CPU
	EndGlobalSection
EndGlobal
